// !$*UTF8*$!
{
	archiveVersion = 1;
	classes = {
	};
	objectVersion = 48;
	objects = {

/* Begin PBXBuildFile section */
		80D762CF2045C56F00DCC2B5 /* AppDelegate.swift in Sources */ = {isa = PBXBuildFile; fileRef = 80D762CE2045C56F00DCC2B5 /* AppDelegate.swift */; };
		80D762D12045C56F00DCC2B5 /* ViewController.swift in Sources */ = {isa = PBXBuildFile; fileRef = 80D762D02045C56F00DCC2B5 /* ViewController.swift */; };
		80D762D42045C56F00DCC2B5 /* Main.storyboard in Resources */ = {isa = PBXBuildFile; fileRef = 80D762D22045C56F00DCC2B5 /* Main.storyboard */; };
		80D762D62045C56F00DCC2B5 /* Assets.xcassets in Resources */ = {isa = PBXBuildFile; fileRef = 80D762D52045C56F00DCC2B5 /* Assets.xcassets */; };
		80D762D92045C56F00DCC2B5 /* LaunchScreen.storyboard in Resources */ = {isa = PBXBuildFile; fileRef = 80D762D72045C56F00DCC2B5 /* LaunchScreen.storyboard */; };
/* End PBXBuildFile section */

/* Begin PBXFileReference section */
		80D762CB2045C56F00DCC2B5 /* Calculator Stack View.app */ = {isa = PBXFileReference; explicitFileType = wrapper.application; includeInIndex = 0; path = "Calculator Stack View.app"; sourceTree = BUILT_PRODUCTS_DIR; };
		80D762CE2045C56F00DCC2B5 /* AppDelegate.swift */ = {isa = PBXFileReference; lastKnownFileType = sourcecode.swift; path = AppDelegate.swift; sourceTree = "<group>"; };
		80D762D02045C56F00DCC2B5 /* ViewController.swift */ = {isa = PBXFileReference; lastKnownFileType = sourcecode.swift; path = ViewController.swift; sourceTree = "<group>"; };
		80D762D32045C56F00DCC2B5 /* Base */ = {isa = PBXFileReference; lastKnownFileType = file.storyboard; name = Base; path = Base.lproj/Main.storyboard; sourceTree = "<group>"; };
		80D762D52045C56F00DCC2B5 /* Assets.xcassets */ = {isa = PBXFileReference; lastKnownFileType = folder.assetcatalog; path = Assets.xcassets; sourceTree = "<group>"; };
		80D762D82045C56F00DCC2B5 /* Base */ = {isa = PBXFileReference; lastKnownFileType = file.storyboard; name = Base; path = Base.lproj/LaunchScreen.storyboard; sourceTree = "<group>"; };
		80D762DA2045C56F00DCC2B5 /* Info.plist */ = {isa = PBXFileReference; lastKnownFileType = text.plist.xml; path = Info.plist; sourceTree = "<group>"; };
/* End PBXFileReference section */

/* Begin PBXFrameworksBuildPhase section */
		80D762C82045C56F00DCC2B5 /* Frameworks */ = {
			isa = PBXFrameworksBuildPhase;
			buildActionMask = 2147483647;
			files = (
			);
			runOnlyForDeploymentPostprocessing = 0;
		};
/* End PBXFrameworksBuildPhase section */

/* Begin PBXGroup section */
		80D762C22045C56E00DCC2B5 = {
			isa = PBXGroup;
			children = (
				80D762CD2045C56F00DCC2B5 /* Calculator Stack View */,
				80D762CC2045C56F00DCC2B5 /* Products */,
			);
			sourceTree = "<group>";
		};
		80D762CC2045C56F00DCC2B5 /* Products */ = {
			isa = PBXGroup;
			children = (
				80D762CB2045C56F00DCC2B5 /* Calculator Stack View.app */,
			);
			name = Products;
			sourceTree = "<group>";
		};
		80D762CD2045C56F00DCC2B5 /* Calculator Stack View */ = {
			isa = PBXGroup;
			children = (
				80D762CE2045C56F00DCC2B5 /* AppDelegate.swift */,
				80D762D02045C56F00DCC2B5 /* ViewController.swift */,
				80D762D22045C56F00DCC2B5 /* Main.storyboard */,
				80D762D52045C56F00DCC2B5 /* Assets.xcassets */,
				80D762D72045C56F00DCC2B5 /* LaunchScreen.storyboard */,
				80D762DA2045C56F00DCC2B5 /* Info.plist */,
			);
			path = "Calculator Stack View";
			sourceTree = "<group>";
		};
/* End PBXGroup section */

/* Begin PBXNativeTarget section */
		80D762CA2045C56F00DCC2B5 /* Calculator Stack View */ = {
			isa = PBXNativeTarget;
			buildConfigurationList = 80D762DD2045C56F00DCC2B5 /* Build configuration list for PBXNativeTarget "Calculator Stack View" */;
			buildPhases = (
				80D762C72045C56F00DCC2B5 /* Sources */,
				80D762C82045C56F00DCC2B5 /* Frameworks */,
				80D762C92045C56F00DCC2B5 /* Resources */,
			);
			buildRules = (
			);
			dependencies = (
			);
			name = "Calculator Stack View";
			productName = "Calculator Stack View";
			productReference = 80D762CB2045C56F00DCC2B5 /* Calculator Stack View.app */;
			productType = "com.apple.product-type.application";
		};
/* End PBXNativeTarget section */

/* Begin PBXProject section */
		80D762C32045C56F00DCC2B5 /* Project object */ = {
			isa = PBXProject;
			attributes = {
				LastSwiftUpdateCheck = 0920;
				LastUpgradeCheck = 0920;
				ORGANIZATIONNAME = Addacity;
				TargetAttributes = {
					80D762CA2045C56F00DCC2B5 = {
						CreatedOnToolsVersion = 9.2;
						ProvisioningStyle = Automatic;
					};
				};
			};
			buildConfigurationList = 80D762C62045C56F00DCC2B5 /* Build configuration list for PBXProject "Calculator Stack View" */;
			compatibilityVersion = "Xcode 8.0";
			developmentRegion = en;
			hasScannedForEncodings = 0;
			knownRegions = (
				en,
				Base,
			);
			mainGroup = 80D762C22045C56E00DCC2B5;
			productRefGroup = 80D762CC2045C56F00DCC2B5 /* Products */;
			projectDirPath = "";
			projectRoot = "";
			targets = (
				80D762CA2045C56F00DCC2B5 /* Calculator Stack View */,
			);
		};
/* End PBXProject section */

/* Begin PBXResourcesBuildPhase section */
		80D762C92045C56F00DCC2B5 /* Resources */ = {
			isa = PBXResourcesBuildPhase;
			buildActionMask = 2147483647;
			files = (
				80D762D92045C56F00DCC2B5 /* LaunchScreen.storyboard in Resources */,
				80D762D62045C56F00DCC2B5 /* Assets.xcassets in Resources */,
				80D762D42045C56F00DCC2B5 /* Main.storyboard in Resources */,
			);
			runOnlyForDeploymentPostprocessing = 0;
		};
/* End PBXResourcesBuildPhase section */

/* Begin PBXSourcesBuildPhase section */
		80D762C72045C56F00DCC2B5 /* Sources */ = {
			isa = PBXSourcesBuildPhase;
			buildActionMask = 2147483647;
			files = (
				80D762D12045C56F00DCC2B5 /* ViewController.swift in Sources */,
				80D762CF2045C56F00DCC2B5 /* AppDelegate.swift in Sources */,
			);
			runOnlyForDeploymentPostprocessing = 0;
		};
/* End PBXSourcesBuildPhase section */

/* Begin PBXVariantGroup section */
		80D762D22045C56F00DCC2B5 /* Main.storyboard */ = {
			isa = PBXVariantGroup;
			children = (
				80D762D32045C56F00DCC2B5 /* Base */,
			);
			name = Main.storyboard;
			sourceTree = "<group>";
		};
		80D762D72045C56F00DCC2B5 /* LaunchScreen.storyboard */ = {
			isa = PBXVariantGroup;
			children = (
				80D762D82045C56F00DCC2B5 /* Base */,
			);
			name = LaunchScreen.storyboard;
			sourceTree = "<group>";
		};
/* End PBXVariantGroup section */

/* Begin XCBuildConfiguration section */
		80D762DB2045C56F00DCC2B5 /* Debug */ = {
			isa = XCBuildConfiguration;
			buildSettings = {
				ALWAYS_SEARCH_USER_PATHS = NO;
				CLANG_ANALYZER_NONNULL = YES;
				CLANG_ANALYZER_NUMBER_OBJECT_CONVERSION = YES_AGGRESSIVE;
				CLANG_CXX_LANGUAGE_STANDARD = "gnu++14";
				CLANG_CXX_LIBRARY = "libc++";
				CLANG_ENABLE_MODULES = YES;
				CLANG_ENABLE_OBJC_ARC = YES;
				CLANG_WARN_BLOCK_CAPTURE_AUTORELEASING = YES;
				CLANG_WARN_BOOL_CONVERSION = YES;
				CLANG_WARN_COMMA = YES;
				CLANG_WARN_CONSTANT_CONVERSION = YES;
				CLANG_WARN_DIRECT_OBJC_ISA_USAGE = YES_ERROR;
				CLANG_WARN_DOCUMENTATION_COMMENTS = YES;
				CLANG_WARN_EMPTY_BODY = YES;
				CLANG_WARN_ENUM_CONVERSION = YES;
				CLANG_WARN_INFINITE_RECURSION = YES;
				CLANG_WARN_INT_CONVERSION = YES;
				CLANG_WARN_NON_LITERAL_NULL_CONVERSION = YES;
				CLANG_WARN_OBJC_LITERAL_CONVERSION = YES;
				CLANG_WARN_OBJC_ROOT_CLASS = YES_ERROR;
				CLANG_WARN_RANGE_LOOP_ANALYSIS = YES;
				CLANG_WARN_STRICT_PROTOTYPES = YES;
				CLANG_WARN_SUSPICIOUS_MOVE = YES;
				CLANG_WARN_UNGUARDED_AVAILABILITY = YES_AGGRESSIVE;
				CLANG_WARN_UNREACHABLE_CODE = YES;
				CLANG_WARN__DUPLICATE_METHOD_MATCH = YES;
				CODE_SIGN_IDENTITY = "iPhone Developer";
				COPY_PHASE_STRIP = NO;
				DEBUG_INFORMATION_FORMAT = dwarf;
				ENABLE_STRICT_OBJC_MSGSEND = YES;
				ENABLE_TESTABILITY = YES;
				GCC_C_LANGUAGE_STANDARD = gnu11;
				GCC_DYNAMIC_NO_PIC = NO;
				GCC_NO_COMMON_BLOCKS = YES;
				GCC_OPTIMIZATION_LEVEL = 0;
				GCC_PREPROCESSOR_DEFINITIONS = (
					"DEBUG=1",
					"$(inherited)",
				);
				GCC_WARN_64_TO_32_BIT_CONVERSION = YES;
				GCC_WARN_ABOUT_RETURN_TYPE = YES_ERROR;
				GCC_WARN_UNDECLARED_SELECTOR = YES;
				GCC_WARN_UNINITIALIZED_AUTOS = YES_AGGRESSIVE;
				GCC_WARN_UNUSED_FUNCTION = YES;
				GCC_WARN_UNUSED_VARIABLE = YES;
				IPHONEOS_DEPLOYMENT_TARGET = 11.2;
				MTL_ENABLE_DEBUG_INFO = YES;
				ONLY_ACTIVE_ARCH = YES;
				SDKROOT = iphoneos;
				SWIFT_ACTIVE_COMPILATION_CONDITIONS = DEBUG;
				SWIFT_OPTIMIZATION_LEVEL = "-Onone";
			};
			name = Debug;
		};
		80D762DC2045C56F00DCC2B5 /* Release */ = {
			isa = XCBuildConfiguration;
			buildSettings = {
				ALWAYS_SEARCH_USER_PATHS = NO;
				CLANG_ANALYZER_NONNULL = YES;
				CLANG_ANALYZER_NUMBER_OBJECT_CONVERSION = YES_AGGRESSIVE;
				CLANG_CXX_LANGUAGE_STANDARD = "gnu++14";
				CLANG_CXX_LIBRARY = "libc++";
				CLANG_ENABLE_MODULES = YES;
				CLANG_ENABLE_OBJC_ARC = YES;
				CLANG_WARN_BLOCK_CAPTURE_AUTORELEASING = YES;
				CLANG_WARN_BOOL_CONVERSION = YES;
				CLANG_WARN_COMMA = YES;
				CLANG_WARN_CONSTANT_CONVERSION = YES;
				CLANG_WARN_DIRECT_OBJC_ISA_USAGE = YES_ERROR;
				CLANG_WARN_DOCUMENTATION_COMMENTS = YES;
				CLANG_WARN_EMPTY_BODY = YES;
				CLANG_WARN_ENUM_CONVERSION = YES;
				CLANG_WARN_INFINITE_RECURSION = YES;
				CLANG_WARN_INT_CONVERSION = YES;
				CLANG_WARN_NON_LITERAL_NULL_CONVERSION = YES;
				CLANG_WARN_OBJC_LITERAL_CONVERSION = YES;
				CLANG_WARN_OBJC_ROOT_CLASS = YES_ERROR;
				CLANG_WARN_RANGE_LOOP_ANALYSIS = YES;
				CLANG_WARN_STRICT_PROTOTYPES = YES;
				CLANG_WARN_SUSPICIOUS_MOVE = YES;
				CLANG_WARN_UNGUARDED_AVAILABILITY = YES_AGGRESSIVE;
				CLANG_WARN_UNREACHABLE_CODE = YES;
				CLANG_WARN__DUPLICATE_METHOD_MATCH = YES;
				CODE_SIGN_IDENTITY = "iPhone Developer";
				COPY_PHASE_STRIP = NO;
				DEBUG_INFORMATION_FORMAT = "dwarf-with-dsym";
				ENABLE_NS_ASSERTIONS = NO;
				ENABLE_STRICT_OBJC_MSGSEND = YES;
				GCC_C_LANGUAGE_STANDARD = gnu11;
				GCC_NO_COMMON_BLOCKS = YES;
				GCC_WARN_64_TO_32_BIT_CONVERSION = YES;
				GCC_WARN_ABOUT_RETURN_TYPE = YES_ERROR;
				GCC_WARN_UNDECLARED_SELECTOR = YES;
				GCC_WARN_UNINITIALIZED_AUTOS = YES_AGGRESSIVE;
				GCC_WARN_UNUSED_FUNCTION = YES;
				GCC_WARN_UNUSED_VARIABLE = YES;
				IPHONEOS_DEPLOYMENT_TARGET = 11.2;
				MTL_ENABLE_DEBUG_INFO = NO;
				SDKROOT = iphoneos;
				SWIFT_OPTIMIZATION_LEVEL = "-Owholemodule";
				VALIDATE_PRODUCT = YES;
			};
			name = Release;
		};
		80D762DE2045C56F00DCC2B5 /* Debug */ = {
			isa = XCBuildConfiguration;
			buildSettings = {
				ASSETCATALOG_COMPILER_APPICON_NAME = AppIcon;
				CODE_SIGN_STYLE = Automatic;
				DEVELOPMENT_TEAM = 4RZJ9997S5;
				INFOPLIST_FILE = "Calculator Stack View/Info.plist";
				LD_RUNPATH_SEARCH_PATHS = "$(inherited) @executable_path/Frameworks";
				PRODUCT_BUNDLE_IDENTIFIER = "com.addacity.Calculator-Stack-View";
				PRODUCT_NAME = "$(TARGET_NAME)";
				SWIFT_VERSION = 4.0;
				TARGETED_DEVICE_FAMILY = "1,2";
			};
			name = Debug;
		};
		80D762DF2045C56F00DCC2B5 /* Release */ = {
			isa = XCBuildConfiguration;
			buildSettings = {
				ASSETCATALOG_COMPILER_APPICON_NAME = AppIcon;
				CODE_SIGN_STYLE = Automatic;
				DEVELOPMENT_TEAM = 4RZJ9997S5;
				INFOPLIST_FILE = "Calculator Stack View/Info.plist";
				LD_RUNPATH_SEARCH_PATHS = "$(inherited) @executable_path/Frameworks";
				PRODUCT_BUNDLE_IDENTIFIER = "com.addacity.Calculator-Stack-View";
				PRODUCT_NAME = "$(TARGET_NAME)";
				SWIFT_VERSION = 4.0;
				TARGETED_DEVICE_FAMILY = "1,2";
			};
			name = Release;
		};
/* End XCBuildConfiguration section */

/* Begin XCConfigurationList section */
		80D762C62045C56F00DCC2B5 /* Build configuration list for PBXProject "Calculator Stack View" */ = {
			isa = XCConfigurationList;
			buildConfigurations = (
				80D762DB2045C56F00DCC2B5 /* Debug */,
				80D762DC2045C56F00DCC2B5 /* Release */,
			);
			defaultConfigurationIsVisible = 0;
			defaultConfigurationName = Release;
		};
		80D762DD2045C56F00DCC2B5 /* Build configuration list for PBXNativeTarget "Calculator Stack View" */ = {
			isa = XCConfigurationList;
			buildConfigurations = (
				80D762DE2045C56F00DCC2B5 /* Debug */,
				80D762DF2045C56F00DCC2B5 /* Release */,
			);
			defaultConfigurationIsVisible = 0;
			defaultConfigurationName = Release;
		};
/* End XCConfigurationList section */
	};
	rootObject = 80D762C32045C56F00DCC2B5 /* Project object */;
}
