// !$*UTF8*$!
{
	archiveVersion = 1;
	classes = {
	};
	objectVersion = 48;
	objects = {

/* Begin PBXBuildFile section */
		80841E5F2009995E007650C8 /* AppDelegate.swift in Sources */ = {isa = PBXBuildFile; fileRef = 80841E5E2009995E007650C8 /* AppDelegate.swift */; };
		80841E612009995E007650C8 /* ViewController.swift in Sources */ = {isa = PBXBuildFile; fileRef = 80841E602009995E007650C8 /* ViewController.swift */; };
		80841E642009995E007650C8 /* Main.storyboard in Resources */ = {isa = PBXBuildFile; fileRef = 80841E622009995E007650C8 /* Main.storyboard */; };
		80841E662009995F007650C8 /* Assets.xcassets in Resources */ = {isa = PBXBuildFile; fileRef = 80841E652009995F007650C8 /* Assets.xcassets */; };
		80841E692009995F007650C8 /* LaunchScreen.storyboard in Resources */ = {isa = PBXBuildFile; fileRef = 80841E672009995F007650C8 /* LaunchScreen.storyboard */; };
		80841E712009A4FB007650C8 /* SphereNode.swift in Sources */ = {isa = PBXBuildFile; fileRef = 80841E702009A4FB007650C8 /* SphereNode.swift */; };
/* End PBXBuildFile section */

/* Begin PBXFileReference section */
		80841E5B2009995E007650C8 /* ARMeasure.app */ = {isa = PBXFileReference; explicitFileType = wrapper.application; includeInIndex = 0; path = ARMeasure.app; sourceTree = BUILT_PRODUCTS_DIR; };
		80841E5E2009995E007650C8 /* AppDelegate.swift */ = {isa = PBXFileReference; lastKnownFileType = sourcecode.swift; path = AppDelegate.swift; sourceTree = "<group>"; };
		80841E602009995E007650C8 /* ViewController.swift */ = {isa = PBXFileReference; lastKnownFileType = sourcecode.swift; path = ViewController.swift; sourceTree = "<group>"; };
		80841E632009995E007650C8 /* Base */ = {isa = PBXFileReference; lastKnownFileType = file.storyboard; name = Base; path = Base.lproj/Main.storyboard; sourceTree = "<group>"; };
		80841E652009995F007650C8 /* Assets.xcassets */ = {isa = PBXFileReference; lastKnownFileType = folder.assetcatalog; path = Assets.xcassets; sourceTree = "<group>"; };
		80841E682009995F007650C8 /* Base */ = {isa = PBXFileReference; lastKnownFileType = file.storyboard; name = Base; path = Base.lproj/LaunchScreen.storyboard; sourceTree = "<group>"; };
		80841E6A2009995F007650C8 /* Info.plist */ = {isa = PBXFileReference; lastKnownFileType = text.plist.xml; path = Info.plist; sourceTree = "<group>"; };
		80841E702009A4FB007650C8 /* SphereNode.swift */ = {isa = PBXFileReference; lastKnownFileType = sourcecode.swift; path = SphereNode.swift; sourceTree = "<group>"; };
/* End PBXFileReference section */

/* Begin PBXFrameworksBuildPhase section */
		80841E582009995E007650C8 /* Frameworks */ = {
			isa = PBXFrameworksBuildPhase;
			buildActionMask = 2147483647;
			files = (
			);
			runOnlyForDeploymentPostprocessing = 0;
		};
/* End PBXFrameworksBuildPhase section */

/* Begin PBXGroup section */
		80841E522009995E007650C8 = {
			isa = PBXGroup;
			children = (
				80841E5D2009995E007650C8 /* ARMeasure */,
				80841E5C2009995E007650C8 /* Products */,
			);
			sourceTree = "<group>";
		};
		80841E5C2009995E007650C8 /* Products */ = {
			isa = PBXGroup;
			children = (
				80841E5B2009995E007650C8 /* ARMeasure.app */,
			);
			name = Products;
			sourceTree = "<group>";
		};
		80841E5D2009995E007650C8 /* ARMeasure */ = {
			isa = PBXGroup;
			children = (
				80841E5E2009995E007650C8 /* AppDelegate.swift */,
				80841E602009995E007650C8 /* ViewController.swift */,
				80841E702009A4FB007650C8 /* SphereNode.swift */,
				80841E622009995E007650C8 /* Main.storyboard */,
				80841E652009995F007650C8 /* Assets.xcassets */,
				80841E672009995F007650C8 /* LaunchScreen.storyboard */,
				80841E6A2009995F007650C8 /* Info.plist */,
			);
			path = ARMeasure;
			sourceTree = "<group>";
		};
/* End PBXGroup section */

/* Begin PBXNativeTarget section */
		80841E5A2009995E007650C8 /* ARMeasure */ = {
			isa = PBXNativeTarget;
			buildConfigurationList = 80841E6D2009995F007650C8 /* Build configuration list for PBXNativeTarget "ARMeasure" */;
			buildPhases = (
				80841E572009995E007650C8 /* Sources */,
				80841E582009995E007650C8 /* Frameworks */,
				80841E592009995E007650C8 /* Resources */,
			);
			buildRules = (
			);
			dependencies = (
			);
			name = ARMeasure;
			productName = ARMeasure;
			productReference = 80841E5B2009995E007650C8 /* ARMeasure.app */;
			productType = "com.apple.product-type.application";
		};
/* End PBXNativeTarget section */

/* Begin PBXProject section */
		80841E532009995E007650C8 /* Project object */ = {
			isa = PBXProject;
			attributes = {
				LastSwiftUpdateCheck = 0920;
				LastUpgradeCheck = 0920;
				ORGANIZATIONNAME = Addacity;
				TargetAttributes = {
					80841E5A2009995E007650C8 = {
						CreatedOnToolsVersion = 9.2;
						ProvisioningStyle = Automatic;
					};
				};
			};
			buildConfigurationList = 80841E562009995E007650C8 /* Build configuration list for PBXProject "ARMeasure" */;
			compatibilityVersion = "Xcode 8.0";
			developmentRegion = en;
			hasScannedForEncodings = 0;
			knownRegions = (
				en,
				Base,
			);
			mainGroup = 80841E522009995E007650C8;
			productRefGroup = 80841E5C2009995E007650C8 /* Products */;
			projectDirPath = "";
			projectRoot = "";
			targets = (
				80841E5A2009995E007650C8 /* ARMeasure */,
			);
		};
/* End PBXProject section */

/* Begin PBXResourcesBuildPhase section */
		80841E592009995E007650C8 /* Resources */ = {
			isa = PBXResourcesBuildPhase;
			buildActionMask = 2147483647;
			files = (
				80841E692009995F007650C8 /* LaunchScreen.storyboard in Resources */,
				80841E662009995F007650C8 /* Assets.xcassets in Resources */,
				80841E642009995E007650C8 /* Main.storyboard in Resources */,
			);
			runOnlyForDeploymentPostprocessing = 0;
		};
/* End PBXResourcesBuildPhase section */

/* Begin PBXSourcesBuildPhase section */
		80841E572009995E007650C8 /* Sources */ = {
			isa = PBXSourcesBuildPhase;
			buildActionMask = 2147483647;
			files = (
				80841E612009995E007650C8 /* ViewController.swift in Sources */,
				80841E5F2009995E007650C8 /* AppDelegate.swift in Sources */,
				80841E712009A4FB007650C8 /* SphereNode.swift in Sources */,
			);
			runOnlyForDeploymentPostprocessing = 0;
		};
/* End PBXSourcesBuildPhase section */

/* Begin PBXVariantGroup section */
		80841E622009995E007650C8 /* Main.storyboard */ = {
			isa = PBXVariantGroup;
			children = (
				80841E632009995E007650C8 /* Base */,
			);
			name = Main.storyboard;
			sourceTree = "<group>";
		};
		80841E672009995F007650C8 /* LaunchScreen.storyboard */ = {
			isa = PBXVariantGroup;
			children = (
				80841E682009995F007650C8 /* Base */,
			);
			name = LaunchScreen.storyboard;
			sourceTree = "<group>";
		};
/* End PBXVariantGroup section */

/* Begin XCBuildConfiguration section */
		80841E6B2009995F007650C8 /* Debug */ = {
			isa = XCBuildConfiguration;
			buildSettings = {
				ALWAYS_SEARCH_USER_PATHS = NO;
				CLANG_ANALYZER_NONNULL = YES;
				CLANG_ANALYZER_NUMBER_OBJECT_CONVERSION = YES_AGGRESSIVE;
				CLANG_CXX_LANGUAGE_STANDARD = "gnu++14";
				CLANG_CXX_LIBRARY = "libc++";
				CLANG_ENABLE_MODULES = YES;
				CLANG_ENABLE_OBJC_ARC = YES;
				CLANG_WARN_BLOCK_CAPTURE_AUTORELEASING = YES;
				CLANG_WARN_BOOL_CONVERSION = YES;
				CLANG_WARN_COMMA = YES;
				CLANG_WARN_CONSTANT_CONVERSION = YES;
				CLANG_WARN_DIRECT_OBJC_ISA_USAGE = YES_ERROR;
				CLANG_WARN_DOCUMENTATION_COMMENTS = YES;
				CLANG_WARN_EMPTY_BODY = YES;
				CLANG_WARN_ENUM_CONVERSION = YES;
				CLANG_WARN_INFINITE_RECURSION = YES;
				CLANG_WARN_INT_CONVERSION = YES;
				CLANG_WARN_NON_LITERAL_NULL_CONVERSION = YES;
				CLANG_WARN_OBJC_LITERAL_CONVERSION = YES;
				CLANG_WARN_OBJC_ROOT_CLASS = YES_ERROR;
				CLANG_WARN_RANGE_LOOP_ANALYSIS = YES;
				CLANG_WARN_STRICT_PROTOTYPES = YES;
				CLANG_WARN_SUSPICIOUS_MOVE = YES;
				CLANG_WARN_UNGUARDED_AVAILABILITY = YES_AGGRESSIVE;
				CLANG_WARN_UNREACHABLE_CODE = YES;
				CLANG_WARN__DUPLICATE_METHOD_MATCH = YES;
				CODE_SIGN_IDENTITY = "iPhone Developer";
				COPY_PHASE_STRIP = NO;
				DEBUG_INFORMATION_FORMAT = dwarf;
				ENABLE_STRICT_OBJC_MSGSEND = YES;
				ENABLE_TESTABILITY = YES;
				GCC_C_LANGUAGE_STANDARD = gnu11;
				GCC_DYNAMIC_NO_PIC = NO;
				GCC_NO_COMMON_BLOCKS = YES;
				GCC_OPTIMIZATION_LEVEL = 0;
				GCC_PREPROCESSOR_DEFINITIONS = (
					"DEBUG=1",
					"$(inherited)",
				);
				GCC_WARN_64_TO_32_BIT_CONVERSION = YES;
				GCC_WARN_ABOUT_RETURN_TYPE = YES_ERROR;
				GCC_WARN_UNDECLARED_SELECTOR = YES;
				GCC_WARN_UNINITIALIZED_AUTOS = YES_AGGRESSIVE;
				GCC_WARN_UNUSED_FUNCTION = YES;
				GCC_WARN_UNUSED_VARIABLE = YES;
				IPHONEOS_DEPLOYMENT_TARGET = 11.2;
				MTL_ENABLE_DEBUG_INFO = YES;
				ONLY_ACTIVE_ARCH = YES;
				SDKROOT = iphoneos;
				SWIFT_ACTIVE_COMPILATION_CONDITIONS = DEBUG;
				SWIFT_OPTIMIZATION_LEVEL = "-Onone";
			};
			name = Debug;
		};
		80841E6C2009995F007650C8 /* Release */ = {
			isa = XCBuildConfiguration;
			buildSettings = {
				ALWAYS_SEARCH_USER_PATHS = NO;
				CLANG_ANALYZER_NONNULL = YES;
				CLANG_ANALYZER_NUMBER_OBJECT_CONVERSION = YES_AGGRESSIVE;
				CLANG_CXX_LANGUAGE_STANDARD = "gnu++14";
				CLANG_CXX_LIBRARY = "libc++";
				CLANG_ENABLE_MODULES = YES;
				CLANG_ENABLE_OBJC_ARC = YES;
				CLANG_WARN_BLOCK_CAPTURE_AUTORELEASING = YES;
				CLANG_WARN_BOOL_CONVERSION = YES;
				CLANG_WARN_COMMA = YES;
				CLANG_WARN_CONSTANT_CONVERSION = YES;
				CLANG_WARN_DIRECT_OBJC_ISA_USAGE = YES_ERROR;
				CLANG_WARN_DOCUMENTATION_COMMENTS = YES;
				CLANG_WARN_EMPTY_BODY = YES;
				CLANG_WARN_ENUM_CONVERSION = YES;
				CLANG_WARN_INFINITE_RECURSION = YES;
				CLANG_WARN_INT_CONVERSION = YES;
				CLANG_WARN_NON_LITERAL_NULL_CONVERSION = YES;
				CLANG_WARN_OBJC_LITERAL_CONVERSION = YES;
				CLANG_WARN_OBJC_ROOT_CLASS = YES_ERROR;
				CLANG_WARN_RANGE_LOOP_ANALYSIS = YES;
				CLANG_WARN_STRICT_PROTOTYPES = YES;
				CLANG_WARN_SUSPICIOUS_MOVE = YES;
				CLANG_WARN_UNGUARDED_AVAILABILITY = YES_AGGRESSIVE;
				CLANG_WARN_UNREACHABLE_CODE = YES;
				CLANG_WARN__DUPLICATE_METHOD_MATCH = YES;
				CODE_SIGN_IDENTITY = "iPhone Developer";
				COPY_PHASE_STRIP = NO;
				DEBUG_INFORMATION_FORMAT = "dwarf-with-dsym";
				ENABLE_NS_ASSERTIONS = NO;
				ENABLE_STRICT_OBJC_MSGSEND = YES;
				GCC_C_LANGUAGE_STANDARD = gnu11;
				GCC_NO_COMMON_BLOCKS = YES;
				GCC_WARN_64_TO_32_BIT_CONVERSION = YES;
				GCC_WARN_ABOUT_RETURN_TYPE = YES_ERROR;
				GCC_WARN_UNDECLARED_SELECTOR = YES;
				GCC_WARN_UNINITIALIZED_AUTOS = YES_AGGRESSIVE;
				GCC_WARN_UNUSED_FUNCTION = YES;
				GCC_WARN_UNUSED_VARIABLE = YES;
				IPHONEOS_DEPLOYMENT_TARGET = 11.2;
				MTL_ENABLE_DEBUG_INFO = NO;
				SDKROOT = iphoneos;
				SWIFT_OPTIMIZATION_LEVEL = "-Owholemodule";
				VALIDATE_PRODUCT = YES;
			};
			name = Release;
		};
		80841E6E2009995F007650C8 /* Debug */ = {
			isa = XCBuildConfiguration;
			buildSettings = {
				ASSETCATALOG_COMPILER_APPICON_NAME = AppIcon;
				CODE_SIGN_STYLE = Automatic;
				DEVELOPMENT_TEAM = 4RZJ9997S5;
				INFOPLIST_FILE = ARMeasure/Info.plist;
				LD_RUNPATH_SEARCH_PATHS = "$(inherited) @executable_path/Frameworks";
				PRODUCT_BUNDLE_IDENTIFIER = com.addacity.ARMeasure;
				PRODUCT_NAME = "$(TARGET_NAME)";
				SWIFT_VERSION = 4.0;
				TARGETED_DEVICE_FAMILY = "1,2";
			};
			name = Debug;
		};
		80841E6F2009995F007650C8 /* Release */ = {
			isa = XCBuildConfiguration;
			buildSettings = {
				ASSETCATALOG_COMPILER_APPICON_NAME = AppIcon;
				CODE_SIGN_STYLE = Automatic;
				DEVELOPMENT_TEAM = 4RZJ9997S5;
				INFOPLIST_FILE = ARMeasure/Info.plist;
				LD_RUNPATH_SEARCH_PATHS = "$(inherited) @executable_path/Frameworks";
				PRODUCT_BUNDLE_IDENTIFIER = com.addacity.ARMeasure;
				PRODUCT_NAME = "$(TARGET_NAME)";
				SWIFT_VERSION = 4.0;
				TARGETED_DEVICE_FAMILY = "1,2";
			};
			name = Release;
		};
/* End XCBuildConfiguration section */

/* Begin XCConfigurationList section */
		80841E562009995E007650C8 /* Build configuration list for PBXProject "ARMeasure" */ = {
			isa = XCConfigurationList;
			buildConfigurations = (
				80841E6B2009995F007650C8 /* Debug */,
				80841E6C2009995F007650C8 /* Release */,
			);
			defaultConfigurationIsVisible = 0;
			defaultConfigurationName = Release;
		};
		80841E6D2009995F007650C8 /* Build configuration list for PBXNativeTarget "ARMeasure" */ = {
			isa = XCConfigurationList;
			buildConfigurations = (
				80841E6E2009995F007650C8 /* Debug */,
				80841E6F2009995F007650C8 /* Release */,
			);
			defaultConfigurationIsVisible = 0;
			defaultConfigurationName = Release;
		};
/* End XCConfigurationList section */
	};
	rootObject = 80841E532009995E007650C8 /* Project object */;
}
